// !$*UTF8*$!
{
	archiveVersion = 1;
	classes = {
	};
	objectVersion = 50;
	objects = {

/* Begin PBXBuildFile section */
		4C255A90021E722E0CD6D1CA /* Pods_PlantTracker.framework in Frameworks */ = {isa = PBXBuildFile; fileRef = A9586D892DD8CD7BA47ED4BF /* Pods_PlantTracker.framework */; };
		841DA15722D661E700077CA2 /* icon.jpg in Resources */ = {isa = PBXBuildFile; fileRef = 841DA15622D661E700077CA2 /* icon.jpg */; };
		8434D7DC22D5613800C01D43 /* PlantEditorViewController.swift in Sources */ = {isa = PBXBuildFile; fileRef = 8434D7DB22D5613800C01D43 /* PlantEditorViewController.swift */; };
		8489D93522D426C000E027A0 /* MyPlantsCollectionViewController.swift in Sources */ = {isa = PBXBuildFile; fileRef = 8489D93422D426C000E027A0 /* MyPlantsCollectionViewController.swift */; };
		8489D93722D4277200E027A0 /* MyPlant.swift in Sources */ = {isa = PBXBuildFile; fileRef = 8489D93622D4277200E027A0 /* MyPlant.swift */; };
		8489D93922D4295B00E027A0 /* MyPlantCollectionViewCell.swift in Sources */ = {isa = PBXBuildFile; fileRef = 8489D93822D4295B00E027A0 /* MyPlantCollectionViewCell.swift */; };
		8489D93B22D42B2500E027A0 /* PlantLibraryViewController.swift in Sources */ = {isa = PBXBuildFile; fileRef = 8489D93A22D42B2500E027A0 /* PlantLibraryViewController.swift */; };
		84B5F08822D44D6A00EBED1B /* SucculentSource.swift in Sources */ = {isa = PBXBuildFile; fileRef = 84B5F08722D44D6A00EBED1B /* SucculentSource.swift */; };
		84DCE42622D3DB1A00A89C93 /* AppDelegate.swift in Sources */ = {isa = PBXBuildFile; fileRef = 84DCE42522D3DB1A00A89C93 /* AppDelegate.swift */; };
		84DCE42B22D3DB1A00A89C93 /* Main.storyboard in Resources */ = {isa = PBXBuildFile; fileRef = 84DCE42922D3DB1A00A89C93 /* Main.storyboard */; };
		84DCE42D22D3DB1A00A89C93 /* Assets.xcassets in Resources */ = {isa = PBXBuildFile; fileRef = 84DCE42C22D3DB1A00A89C93 /* Assets.xcassets */; };
		84DCE43022D3DB1A00A89C93 /* LaunchScreen.storyboard in Resources */ = {isa = PBXBuildFile; fileRef = 84DCE42E22D3DB1A00A89C93 /* LaunchScreen.storyboard */; };
		84DCE43822D3DBBF00A89C93 /* Plant.swift in Sources */ = {isa = PBXBuildFile; fileRef = 84DCE43722D3DBBF00A89C93 /* Plant.swift */; };
		84DCE43A22D3E38200A89C93 /* PlantDetailViewController.swift in Sources */ = {isa = PBXBuildFile; fileRef = 84DCE43922D3E38200A89C93 /* PlantDetailViewController.swift */; };
/* End PBXBuildFile section */

/* Begin PBXFileReference section */
		841DA15622D661E700077CA2 /* icon.jpg */ = {isa = PBXFileReference; lastKnownFileType = image.jpeg; path = icon.jpg; sourceTree = SOURCE_ROOT; };
		8434D7DB22D5613800C01D43 /* PlantEditorViewController.swift */ = {isa = PBXFileReference; lastKnownFileType = sourcecode.swift; path = PlantEditorViewController.swift; sourceTree = "<group>"; };
		8489D93422D426C000E027A0 /* MyPlantsCollectionViewController.swift */ = {isa = PBXFileReference; lastKnownFileType = sourcecode.swift; path = MyPlantsCollectionViewController.swift; sourceTree = "<group>"; };
		8489D93622D4277200E027A0 /* MyPlant.swift */ = {isa = PBXFileReference; lastKnownFileType = sourcecode.swift; path = MyPlant.swift; sourceTree = "<group>"; };
		8489D93822D4295B00E027A0 /* MyPlantCollectionViewCell.swift */ = {isa = PBXFileReference; lastKnownFileType = sourcecode.swift; path = MyPlantCollectionViewCell.swift; sourceTree = "<group>"; };
		8489D93A22D42B2500E027A0 /* PlantLibraryViewController.swift */ = {isa = PBXFileReference; fileEncoding = 4; lastKnownFileType = sourcecode.swift; path = PlantLibraryViewController.swift; sourceTree = "<group>"; };
		84B5F08722D44D6A00EBED1B /* SucculentSource.swift */ = {isa = PBXFileReference; lastKnownFileType = sourcecode.swift; path = SucculentSource.swift; sourceTree = "<group>"; };
		84DCE42222D3DB1A00A89C93 /* PlantTracker.app */ = {isa = PBXFileReference; explicitFileType = wrapper.application; includeInIndex = 0; path = PlantTracker.app; sourceTree = BUILT_PRODUCTS_DIR; };
		84DCE42522D3DB1A00A89C93 /* AppDelegate.swift */ = {isa = PBXFileReference; lastKnownFileType = sourcecode.swift; path = AppDelegate.swift; sourceTree = "<group>"; };
		84DCE42A22D3DB1A00A89C93 /* Base */ = {isa = PBXFileReference; lastKnownFileType = file.storyboard; name = Base; path = Base.lproj/Main.storyboard; sourceTree = "<group>"; };
		84DCE42C22D3DB1A00A89C93 /* Assets.xcassets */ = {isa = PBXFileReference; lastKnownFileType = folder.assetcatalog; path = Assets.xcassets; sourceTree = "<group>"; };
		84DCE42F22D3DB1A00A89C93 /* Base */ = {isa = PBXFileReference; lastKnownFileType = file.storyboard; name = Base; path = Base.lproj/LaunchScreen.storyboard; sourceTree = "<group>"; };
		84DCE43122D3DB1A00A89C93 /* Info.plist */ = {isa = PBXFileReference; lastKnownFileType = text.plist.xml; path = Info.plist; sourceTree = "<group>"; };
		84DCE43722D3DBBF00A89C93 /* Plant.swift */ = {isa = PBXFileReference; lastKnownFileType = sourcecode.swift; path = Plant.swift; sourceTree = "<group>"; };
		84DCE43922D3E38200A89C93 /* PlantDetailViewController.swift */ = {isa = PBXFileReference; lastKnownFileType = sourcecode.swift; path = PlantDetailViewController.swift; sourceTree = "<group>"; };
		9902750F08CD604E7865C5DF /* Pods-PlantTracker.debug.xcconfig */ = {isa = PBXFileReference; includeInIndex = 1; lastKnownFileType = text.xcconfig; name = "Pods-PlantTracker.debug.xcconfig"; path = "Target Support Files/Pods-PlantTracker/Pods-PlantTracker.debug.xcconfig"; sourceTree = "<group>"; };
		A9586D892DD8CD7BA47ED4BF /* Pods_PlantTracker.framework */ = {isa = PBXFileReference; explicitFileType = wrapper.framework; includeInIndex = 0; path = Pods_PlantTracker.framework; sourceTree = BUILT_PRODUCTS_DIR; };
		F0DABFC310FE5D9691089741 /* Pods-PlantTracker.release.xcconfig */ = {isa = PBXFileReference; includeInIndex = 1; lastKnownFileType = text.xcconfig; name = "Pods-PlantTracker.release.xcconfig"; path = "Target Support Files/Pods-PlantTracker/Pods-PlantTracker.release.xcconfig"; sourceTree = "<group>"; };
/* End PBXFileReference section */

/* Begin PBXFrameworksBuildPhase section */
		84DCE41F22D3DB1900A89C93 /* Frameworks */ = {
			isa = PBXFrameworksBuildPhase;
			buildActionMask = 2147483647;
			files = (
				4C255A90021E722E0CD6D1CA /* Pods_PlantTracker.framework in Frameworks */,
			);
			runOnlyForDeploymentPostprocessing = 0;
		};
/* End PBXFrameworksBuildPhase section */

/* Begin PBXGroup section */
		2CFFEAD7B5AD570364A47D9E /* Pods */ = {
			isa = PBXGroup;
			children = (
				9902750F08CD604E7865C5DF /* Pods-PlantTracker.debug.xcconfig */,
				F0DABFC310FE5D9691089741 /* Pods-PlantTracker.release.xcconfig */,
			);
			name = Pods;
			path = Pods;
			sourceTree = "<group>";
		};
		84DCE41922D3DB1900A89C93 = {
			isa = PBXGroup;
			children = (
				84DCE42422D3DB1A00A89C93 /* PlantTracker */,
				84DCE42322D3DB1A00A89C93 /* Products */,
				2CFFEAD7B5AD570364A47D9E /* Pods */,
				E0FE2FDC06405AA2A60C6D0D /* Frameworks */,
			);
			sourceTree = "<group>";
		};
		84DCE42322D3DB1A00A89C93 /* Products */ = {
			isa = PBXGroup;
			children = (
				84DCE42222D3DB1A00A89C93 /* PlantTracker.app */,
			);
			name = Products;
			sourceTree = "<group>";
		};
		84DCE42422D3DB1A00A89C93 /* PlantTracker */ = {
			isa = PBXGroup;
			children = (
				84DCE42522D3DB1A00A89C93 /* AppDelegate.swift */,
				84DCE42C22D3DB1A00A89C93 /* Assets.xcassets */,
				841DA15622D661E700077CA2 /* icon.jpg */,
				84DCE43122D3DB1A00A89C93 /* Info.plist */,
				84DCE42E22D3DB1A00A89C93 /* LaunchScreen.storyboard */,
				84DCE42922D3DB1A00A89C93 /* Main.storyboard */,
				8489D93622D4277200E027A0 /* MyPlant.swift */,
				8489D93822D4295B00E027A0 /* MyPlantCollectionViewCell.swift */,
				8489D93422D426C000E027A0 /* MyPlantsCollectionViewController.swift */,
				84DCE43722D3DBBF00A89C93 /* Plant.swift */,
				84DCE43922D3E38200A89C93 /* PlantDetailViewController.swift */,
				8434D7DB22D5613800C01D43 /* PlantEditorViewController.swift */,
				8489D93A22D42B2500E027A0 /* PlantLibraryViewController.swift */,
				84B5F08722D44D6A00EBED1B /* SucculentSource.swift */,
			);
			path = PlantTracker;
			sourceTree = "<group>";
		};
		E0FE2FDC06405AA2A60C6D0D /* Frameworks */ = {
			isa = PBXGroup;
			children = (
				A9586D892DD8CD7BA47ED4BF /* Pods_PlantTracker.framework */,
			);
			name = Frameworks;
			sourceTree = "<group>";
		};
/* End PBXGroup section */

/* Begin PBXNativeTarget section */
		84DCE42122D3DB1900A89C93 /* PlantTracker */ = {
			isa = PBXNativeTarget;
			buildConfigurationList = 84DCE43422D3DB1A00A89C93 /* Build configuration list for PBXNativeTarget "PlantTracker" */;
			buildPhases = (
				92192292EEDD8CACF2E0E608 /* [CP] Check Pods Manifest.lock */,
				84DCE41E22D3DB1900A89C93 /* Sources */,
				84DCE41F22D3DB1900A89C93 /* Frameworks */,
				84DCE42022D3DB1900A89C93 /* Resources */,
				850B384777404FF375206384 /* [CP] Embed Pods Frameworks */,
			);
			buildRules = (
			);
			dependencies = (
			);
			name = PlantTracker;
			productName = PlantTracker;
			productReference = 84DCE42222D3DB1A00A89C93 /* PlantTracker.app */;
			productType = "com.apple.product-type.application";
		};
/* End PBXNativeTarget section */

/* Begin PBXProject section */
		84DCE41A22D3DB1900A89C93 /* Project object */ = {
			isa = PBXProject;
			attributes = {
				LastSwiftUpdateCheck = 1020;
				LastUpgradeCheck = 1020;
				ORGANIZATIONNAME = "JHC Dev";
				TargetAttributes = {
					84DCE42122D3DB1900A89C93 = {
						CreatedOnToolsVersion = 10.2.1;
					};
				};
			};
			buildConfigurationList = 84DCE41D22D3DB1900A89C93 /* Build configuration list for PBXProject "PlantTracker" */;
			compatibilityVersion = "Xcode 9.3";
			developmentRegion = en;
			hasScannedForEncodings = 0;
			knownRegions = (
				en,
				Base,
			);
			mainGroup = 84DCE41922D3DB1900A89C93;
			productRefGroup = 84DCE42322D3DB1A00A89C93 /* Products */;
			projectDirPath = "";
			projectRoot = "";
			targets = (
				84DCE42122D3DB1900A89C93 /* PlantTracker */,
			);
		};
/* End PBXProject section */

/* Begin PBXResourcesBuildPhase section */
		84DCE42022D3DB1900A89C93 /* Resources */ = {
			isa = PBXResourcesBuildPhase;
			buildActionMask = 2147483647;
			files = (
				841DA15722D661E700077CA2 /* icon.jpg in Resources */,
				84DCE43022D3DB1A00A89C93 /* LaunchScreen.storyboard in Resources */,
				84DCE42D22D3DB1A00A89C93 /* Assets.xcassets in Resources */,
				84DCE42B22D3DB1A00A89C93 /* Main.storyboard in Resources */,
			);
			runOnlyForDeploymentPostprocessing = 0;
		};
/* End PBXResourcesBuildPhase section */

/* Begin PBXShellScriptBuildPhase section */
		850B384777404FF375206384 /* [CP] Embed Pods Frameworks */ = {
			isa = PBXShellScriptBuildPhase;
			buildActionMask = 2147483647;
			files = (
			);
			inputFileListPaths = (
				"${PODS_ROOT}/Target Support Files/Pods-PlantTracker/Pods-PlantTracker-frameworks-${CONFIGURATION}-input-files.xcfilelist",
			);
			name = "[CP] Embed Pods Frameworks";
			outputFileListPaths = (
				"${PODS_ROOT}/Target Support Files/Pods-PlantTracker/Pods-PlantTracker-frameworks-${CONFIGURATION}-output-files.xcfilelist",
			);
			runOnlyForDeploymentPostprocessing = 0;
			shellPath = /bin/sh;
			shellScript = "\"${PODS_ROOT}/Target Support Files/Pods-PlantTracker/Pods-PlantTracker-frameworks.sh\"\n";
			showEnvVarsInLog = 0;
		};
		92192292EEDD8CACF2E0E608 /* [CP] Check Pods Manifest.lock */ = {
			isa = PBXShellScriptBuildPhase;
			buildActionMask = 2147483647;
			files = (
			);
			inputFileListPaths = (
			);
			inputPaths = (
				"${PODS_PODFILE_DIR_PATH}/Podfile.lock",
				"${PODS_ROOT}/Manifest.lock",
			);
			name = "[CP] Check Pods Manifest.lock";
			outputFileListPaths = (
			);
			outputPaths = (
				"$(DERIVED_FILE_DIR)/Pods-PlantTracker-checkManifestLockResult.txt",
			);
			runOnlyForDeploymentPostprocessing = 0;
			shellPath = /bin/sh;
			shellScript = "diff \"${PODS_PODFILE_DIR_PATH}/Podfile.lock\" \"${PODS_ROOT}/Manifest.lock\" > /dev/null\nif [ $? != 0 ] ; then\n    # print error to STDERR\n    echo \"error: The sandbox is not in sync with the Podfile.lock. Run 'pod install' or update your CocoaPods installation.\" >&2\n    exit 1\nfi\n# This output is used by Xcode 'outputs' to avoid re-running this script phase.\necho \"SUCCESS\" > \"${SCRIPT_OUTPUT_FILE_0}\"\n";
			showEnvVarsInLog = 0;
		};
/* End PBXShellScriptBuildPhase section */

/* Begin PBXSourcesBuildPhase section */
		84DCE41E22D3DB1900A89C93 /* Sources */ = {
			isa = PBXSourcesBuildPhase;
			buildActionMask = 2147483647;
			files = (
				8489D93522D426C000E027A0 /* MyPlantsCollectionViewController.swift in Sources */,
				8489D93B22D42B2500E027A0 /* PlantLibraryViewController.swift in Sources */,
				84DCE43822D3DBBF00A89C93 /* Plant.swift in Sources */,
				84DCE42622D3DB1A00A89C93 /* AppDelegate.swift in Sources */,
				84DCE43A22D3E38200A89C93 /* PlantDetailViewController.swift in Sources */,
				8489D93922D4295B00E027A0 /* MyPlantCollectionViewCell.swift in Sources */,
				8489D93722D4277200E027A0 /* MyPlant.swift in Sources */,
				84B5F08822D44D6A00EBED1B /* SucculentSource.swift in Sources */,
				8434D7DC22D5613800C01D43 /* PlantEditorViewController.swift in Sources */,
			);
			runOnlyForDeploymentPostprocessing = 0;
		};
/* End PBXSourcesBuildPhase section */

/* Begin PBXVariantGroup section */
		84DCE42922D3DB1A00A89C93 /* Main.storyboard */ = {
			isa = PBXVariantGroup;
			children = (
				84DCE42A22D3DB1A00A89C93 /* Base */,
			);
			name = Main.storyboard;
			sourceTree = "<group>";
		};
		84DCE42E22D3DB1A00A89C93 /* LaunchScreen.storyboard */ = {
			isa = PBXVariantGroup;
			children = (
				84DCE42F22D3DB1A00A89C93 /* Base */,
			);
			name = LaunchScreen.storyboard;
			sourceTree = "<group>";
		};
/* End PBXVariantGroup section */

/* Begin XCBuildConfiguration section */
		84DCE43222D3DB1A00A89C93 /* Debug */ = {
			isa = XCBuildConfiguration;
			buildSettings = {
				ALWAYS_SEARCH_USER_PATHS = NO;
				CLANG_ANALYZER_NONNULL = YES;
				CLANG_ANALYZER_NUMBER_OBJECT_CONVERSION = YES_AGGRESSIVE;
				CLANG_CXX_LANGUAGE_STANDARD = "gnu++14";
				CLANG_CXX_LIBRARY = "libc++";
				CLANG_ENABLE_MODULES = YES;
				CLANG_ENABLE_OBJC_ARC = YES;
				CLANG_ENABLE_OBJC_WEAK = YES;
				CLANG_WARN_BLOCK_CAPTURE_AUTORELEASING = YES;
				CLANG_WARN_BOOL_CONVERSION = YES;
				CLANG_WARN_COMMA = YES;
				CLANG_WARN_CONSTANT_CONVERSION = YES;
				CLANG_WARN_DEPRECATED_OBJC_IMPLEMENTATIONS = YES;
				CLANG_WARN_DIRECT_OBJC_ISA_USAGE = YES_ERROR;
				CLANG_WARN_DOCUMENTATION_COMMENTS = YES;
				CLANG_WARN_EMPTY_BODY = YES;
				CLANG_WARN_ENUM_CONVERSION = YES;
				CLANG_WARN_INFINITE_RECURSION = YES;
				CLANG_WARN_INT_CONVERSION = YES;
				CLANG_WARN_NON_LITERAL_NULL_CONVERSION = YES;
				CLANG_WARN_OBJC_IMPLICIT_RETAIN_SELF = YES;
				CLANG_WARN_OBJC_LITERAL_CONVERSION = YES;
				CLANG_WARN_OBJC_ROOT_CLASS = YES_ERROR;
				CLANG_WARN_RANGE_LOOP_ANALYSIS = YES;
				CLANG_WARN_STRICT_PROTOTYPES = YES;
				CLANG_WARN_SUSPICIOUS_MOVE = YES;
				CLANG_WARN_UNGUARDED_AVAILABILITY = YES_AGGRESSIVE;
				CLANG_WARN_UNREACHABLE_CODE = YES;
				CLANG_WARN__DUPLICATE_METHOD_MATCH = YES;
				CODE_SIGN_IDENTITY = "iPhone Developer";
				COPY_PHASE_STRIP = NO;
				DEBUG_INFORMATION_FORMAT = dwarf;
				ENABLE_STRICT_OBJC_MSGSEND = YES;
				ENABLE_TESTABILITY = YES;
				GCC_C_LANGUAGE_STANDARD = gnu11;
				GCC_DYNAMIC_NO_PIC = NO;
				GCC_NO_COMMON_BLOCKS = YES;
				GCC_OPTIMIZATION_LEVEL = 0;
				GCC_PREPROCESSOR_DEFINITIONS = (
					"DEBUG=1",
					"$(inherited)",
				);
				GCC_WARN_64_TO_32_BIT_CONVERSION = YES;
				GCC_WARN_ABOUT_RETURN_TYPE = YES_ERROR;
				GCC_WARN_UNDECLARED_SELECTOR = YES;
				GCC_WARN_UNINITIALIZED_AUTOS = YES_AGGRESSIVE;
				GCC_WARN_UNUSED_FUNCTION = YES;
				GCC_WARN_UNUSED_VARIABLE = YES;
				IPHONEOS_DEPLOYMENT_TARGET = 12.2;
				MTL_ENABLE_DEBUG_INFO = INCLUDE_SOURCE;
				MTL_FAST_MATH = YES;
				ONLY_ACTIVE_ARCH = YES;
				SDKROOT = iphoneos;
				SWIFT_ACTIVE_COMPILATION_CONDITIONS = DEBUG;
				SWIFT_OPTIMIZATION_LEVEL = "-Onone";
			};
			name = Debug;
		};
		84DCE43322D3DB1A00A89C93 /* Release */ = {
			isa = XCBuildConfiguration;
			buildSettings = {
				ALWAYS_SEARCH_USER_PATHS = NO;
				CLANG_ANALYZER_NONNULL = YES;
				CLANG_ANALYZER_NUMBER_OBJECT_CONVERSION = YES_AGGRESSIVE;
				CLANG_CXX_LANGUAGE_STANDARD = "gnu++14";
				CLANG_CXX_LIBRARY = "libc++";
				CLANG_ENABLE_MODULES = YES;
				CLANG_ENABLE_OBJC_ARC = YES;
				CLANG_ENABLE_OBJC_WEAK = YES;
				CLANG_WARN_BLOCK_CAPTURE_AUTORELEASING = YES;
				CLANG_WARN_BOOL_CONVERSION = YES;
				CLANG_WARN_COMMA = YES;
				CLANG_WARN_CONSTANT_CONVERSION = YES;
				CLANG_WARN_DEPRECATED_OBJC_IMPLEMENTATIONS = YES;
				CLANG_WARN_DIRECT_OBJC_ISA_USAGE = YES_ERROR;
				CLANG_WARN_DOCUMENTATION_COMMENTS = YES;
				CLANG_WARN_EMPTY_BODY = YES;
				CLANG_WARN_ENUM_CONVERSION = YES;
				CLANG_WARN_INFINITE_RECURSION = YES;
				CLANG_WARN_INT_CONVERSION = YES;
				CLANG_WARN_NON_LITERAL_NULL_CONVERSION = YES;
				CLANG_WARN_OBJC_IMPLICIT_RETAIN_SELF = YES;
				CLANG_WARN_OBJC_LITERAL_CONVERSION = YES;
				CLANG_WARN_OBJC_ROOT_CLASS = YES_ERROR;
				CLANG_WARN_RANGE_LOOP_ANALYSIS = YES;
				CLANG_WARN_STRICT_PROTOTYPES = YES;
				CLANG_WARN_SUSPICIOUS_MOVE = YES;
				CLANG_WARN_UNGUARDED_AVAILABILITY = YES_AGGRESSIVE;
				CLANG_WARN_UNREACHABLE_CODE = YES;
				CLANG_WARN__DUPLICATE_METHOD_MATCH = YES;
				CODE_SIGN_IDENTITY = "iPhone Developer";
				COPY_PHASE_STRIP = NO;
				DEBUG_INFORMATION_FORMAT = "dwarf-with-dsym";
				ENABLE_NS_ASSERTIONS = NO;
				ENABLE_STRICT_OBJC_MSGSEND = YES;
				GCC_C_LANGUAGE_STANDARD = gnu11;
				GCC_NO_COMMON_BLOCKS = YES;
				GCC_WARN_64_TO_32_BIT_CONVERSION = YES;
				GCC_WARN_ABOUT_RETURN_TYPE = YES_ERROR;
				GCC_WARN_UNDECLARED_SELECTOR = YES;
				GCC_WARN_UNINITIALIZED_AUTOS = YES_AGGRESSIVE;
				GCC_WARN_UNUSED_FUNCTION = YES;
				GCC_WARN_UNUSED_VARIABLE = YES;
				IPHONEOS_DEPLOYMENT_TARGET = 12.2;
				MTL_ENABLE_DEBUG_INFO = NO;
				MTL_FAST_MATH = YES;
				SDKROOT = iphoneos;
				SWIFT_COMPILATION_MODE = wholemodule;
				SWIFT_OPTIMIZATION_LEVEL = "-O";
				VALIDATE_PRODUCT = YES;
			};
			name = Release;
		};
		84DCE43522D3DB1A00A89C93 /* Debug */ = {
			isa = XCBuildConfiguration;
			baseConfigurationReference = 9902750F08CD604E7865C5DF /* Pods-PlantTracker.debug.xcconfig */;
			buildSettings = {
				ASSETCATALOG_COMPILER_APPICON_NAME = AppIcon;
				CODE_SIGN_STYLE = Automatic;
				DEVELOPMENT_TEAM = CRMHYJ9F9F;
				INFOPLIST_FILE = PlantTracker/Info.plist;
				LD_RUNPATH_SEARCH_PATHS = (
					"$(inherited)",
					"@executable_path/Frameworks",
				);
				PRODUCT_BUNDLE_IDENTIFIER = com.joshdoesathing.PlantTracker;
				PRODUCT_NAME = "$(TARGET_NAME)";
				SWIFT_VERSION = 5.0;
				TARGETED_DEVICE_FAMILY = "1,2";
			};
			name = Debug;
		};
		84DCE43622D3DB1A00A89C93 /* Release */ = {
			isa = XCBuildConfiguration;
			baseConfigurationReference = F0DABFC310FE5D9691089741 /* Pods-PlantTracker.release.xcconfig */;
			buildSettings = {
				ASSETCATALOG_COMPILER_APPICON_NAME = AppIcon;
				CODE_SIGN_STYLE = Automatic;
				DEVELOPMENT_TEAM = CRMHYJ9F9F;
				INFOPLIST_FILE = PlantTracker/Info.plist;
				LD_RUNPATH_SEARCH_PATHS = (
					"$(inherited)",
					"@executable_path/Frameworks",
				);
				PRODUCT_BUNDLE_IDENTIFIER = com.joshdoesathing.PlantTracker;
				PRODUCT_NAME = "$(TARGET_NAME)";
				SWIFT_VERSION = 5.0;
				TARGETED_DEVICE_FAMILY = "1,2";
			};
			name = Release;
		};
/* End XCBuildConfiguration section */

/* Begin XCConfigurationList section */
		84DCE41D22D3DB1900A89C93 /* Build configuration list for PBXProject "PlantTracker" */ = {
			isa = XCConfigurationList;
			buildConfigurations = (
				84DCE43222D3DB1A00A89C93 /* Debug */,
				84DCE43322D3DB1A00A89C93 /* Release */,
			);
			defaultConfigurationIsVisible = 0;
			defaultConfigurationName = Release;
		};
		84DCE43422D3DB1A00A89C93 /* Build configuration list for PBXNativeTarget "PlantTracker" */ = {
			isa = XCConfigurationList;
			buildConfigurations = (
				84DCE43522D3DB1A00A89C93 /* Debug */,
				84DCE43622D3DB1A00A89C93 /* Release */,
			);
			defaultConfigurationIsVisible = 0;
			defaultConfigurationName = Release;
		};
/* End XCConfigurationList section */
	};
	rootObject = 84DCE41A22D3DB1900A89C93 /* Project object */;
}
