// !$*UTF8*$!
{
	archiveVersion = 1;
	classes = {
	};
	objectVersion = 51;
	objects = {

/* Begin PBXBuildFile section */
		842809BD22F12ACA002BB246 /* icon.jpg in Resources */ = {isa = PBXBuildFile; fileRef = 842809BC22F12ACA002BB246 /* icon.jpg */; };
		8431043B22DB8E0100AFD4B6 /* Plant.swift in Sources */ = {isa = PBXBuildFile; fileRef = 8431043A22DB8E0100AFD4B6 /* Plant.swift */; };
		8431043F22DBC64100AFD4B6 /* LibraryDetailViewController.swift in Sources */ = {isa = PBXBuildFile; fileRef = 8431043E22DBC64100AFD4B6 /* LibraryDetailViewController.swift */; };
		84444D1922D9974F00876F6D /* AppDelegate.swift in Sources */ = {isa = PBXBuildFile; fileRef = 84444D1822D9974F00876F6D /* AppDelegate.swift */; };
		84444D1B22D9974F00876F6D /* PlantLibraryTableViewController.swift in Sources */ = {isa = PBXBuildFile; fileRef = 84444D1A22D9974F00876F6D /* PlantLibraryTableViewController.swift */; };
		84444D1E22D9974F00876F6D /* Main.storyboard in Resources */ = {isa = PBXBuildFile; fileRef = 84444D1C22D9974F00876F6D /* Main.storyboard */; };
		84444D2022D9975100876F6D /* Assets.xcassets in Resources */ = {isa = PBXBuildFile; fileRef = 84444D1F22D9975100876F6D /* Assets.xcassets */; };
		84444D2322D9975100876F6D /* LaunchScreen.storyboard in Resources */ = {isa = PBXBuildFile; fileRef = 84444D2122D9975100876F6D /* LaunchScreen.storyboard */; };
		846E003822F1BFA3000FAC5C /* ImageCollectionViewController.swift in Sources */ = {isa = PBXBuildFile; fileRef = 846E003722F1BFA3000FAC5C /* ImageCollectionViewController.swift */; };
		8499646C22EDE5B100BA03BD /* GeneralInformtationTableViewCell.swift in Sources */ = {isa = PBXBuildFile; fileRef = 8499646B22EDE5B000BA03BD /* GeneralInformtationTableViewCell.swift */; };
		A22EE2632C9C409BC97B2781 /* Pods_PlantTracker.framework in Frameworks */ = {isa = PBXBuildFile; fileRef = C4E0C88DFD0554DE6FAE15C5 /* Pods_PlantTracker.framework */; };
/* End PBXBuildFile section */

/* Begin PBXFileReference section */
		04F284427149BAFB8ABF4D7C /* Pods-PlantTracker.debug.xcconfig */ = {isa = PBXFileReference; includeInIndex = 1; lastKnownFileType = text.xcconfig; name = "Pods-PlantTracker.debug.xcconfig"; path = "Target Support Files/Pods-PlantTracker/Pods-PlantTracker.debug.xcconfig"; sourceTree = "<group>"; };
		39E15E495EEF0063BC2EDBAB /* Pods-PlantTracker.release.xcconfig */ = {isa = PBXFileReference; includeInIndex = 1; lastKnownFileType = text.xcconfig; name = "Pods-PlantTracker.release.xcconfig"; path = "Target Support Files/Pods-PlantTracker/Pods-PlantTracker.release.xcconfig"; sourceTree = "<group>"; };
		842809BC22F12ACA002BB246 /* icon.jpg */ = {isa = PBXFileReference; lastKnownFileType = image.jpeg; name = icon.jpg; path = images/icon.jpg; sourceTree = SOURCE_ROOT; };
		8431043A22DB8E0100AFD4B6 /* Plant.swift */ = {isa = PBXFileReference; lastKnownFileType = sourcecode.swift; path = Plant.swift; sourceTree = "<group>"; };
		8431043E22DBC64100AFD4B6 /* LibraryDetailViewController.swift */ = {isa = PBXFileReference; lastKnownFileType = sourcecode.swift; path = LibraryDetailViewController.swift; sourceTree = "<group>"; };
		84444D1522D9974F00876F6D /* PlantTracker.app */ = {isa = PBXFileReference; explicitFileType = wrapper.application; includeInIndex = 0; path = PlantTracker.app; sourceTree = BUILT_PRODUCTS_DIR; };
		84444D1822D9974F00876F6D /* AppDelegate.swift */ = {isa = PBXFileReference; lastKnownFileType = sourcecode.swift; path = AppDelegate.swift; sourceTree = "<group>"; };
		84444D1A22D9974F00876F6D /* PlantLibraryTableViewController.swift */ = {isa = PBXFileReference; lastKnownFileType = sourcecode.swift; path = PlantLibraryTableViewController.swift; sourceTree = "<group>"; };
		84444D1D22D9974F00876F6D /* Base */ = {isa = PBXFileReference; lastKnownFileType = file.storyboard; name = Base; path = Base.lproj/Main.storyboard; sourceTree = "<group>"; };
		84444D1F22D9975100876F6D /* Assets.xcassets */ = {isa = PBXFileReference; lastKnownFileType = folder.assetcatalog; path = Assets.xcassets; sourceTree = "<group>"; };
		84444D2222D9975100876F6D /* Base */ = {isa = PBXFileReference; lastKnownFileType = file.storyboard; name = Base; path = Base.lproj/LaunchScreen.storyboard; sourceTree = "<group>"; };
		84444D2422D9975100876F6D /* Info.plist */ = {isa = PBXFileReference; lastKnownFileType = text.plist.xml; path = Info.plist; sourceTree = "<group>"; };
		846E003722F1BFA3000FAC5C /* ImageCollectionViewController.swift */ = {isa = PBXFileReference; lastKnownFileType = sourcecode.swift; path = ImageCollectionViewController.swift; sourceTree = "<group>"; };
		8499646B22EDE5B000BA03BD /* GeneralInformtationTableViewCell.swift */ = {isa = PBXFileReference; lastKnownFileType = sourcecode.swift; path = GeneralInformtationTableViewCell.swift; sourceTree = "<group>"; };
		C4E0C88DFD0554DE6FAE15C5 /* Pods_PlantTracker.framework */ = {isa = PBXFileReference; explicitFileType = wrapper.framework; includeInIndex = 0; path = Pods_PlantTracker.framework; sourceTree = BUILT_PRODUCTS_DIR; };
/* End PBXFileReference section */

/* Begin PBXFrameworksBuildPhase section */
		84444D1222D9974F00876F6D /* Frameworks */ = {
			isa = PBXFrameworksBuildPhase;
			buildActionMask = 2147483647;
			files = (
				A22EE2632C9C409BC97B2781 /* Pods_PlantTracker.framework in Frameworks */,
			);
			runOnlyForDeploymentPostprocessing = 0;
		};
/* End PBXFrameworksBuildPhase section */

/* Begin PBXGroup section */
		3D213A92514C5173CEB612AF /* Pods */ = {
			isa = PBXGroup;
			children = (
				04F284427149BAFB8ABF4D7C /* Pods-PlantTracker.debug.xcconfig */,
				39E15E495EEF0063BC2EDBAB /* Pods-PlantTracker.release.xcconfig */,
			);
			path = Pods;
			sourceTree = "<group>";
		};
		736B3503FEF41217FF8E43BE /* Frameworks */ = {
			isa = PBXGroup;
			children = (
				C4E0C88DFD0554DE6FAE15C5 /* Pods_PlantTracker.framework */,
			);
			name = Frameworks;
			sourceTree = "<group>";
		};
		84444D0C22D9974F00876F6D = {
			isa = PBXGroup;
			children = (
				84444D1722D9974F00876F6D /* PlantTracker */,
				84444D1622D9974F00876F6D /* Products */,
				3D213A92514C5173CEB612AF /* Pods */,
				736B3503FEF41217FF8E43BE /* Frameworks */,
			);
			sourceTree = "<group>";
		};
		84444D1622D9974F00876F6D /* Products */ = {
			isa = PBXGroup;
			children = (
				84444D1522D9974F00876F6D /* PlantTracker.app */,
			);
			name = Products;
			sourceTree = "<group>";
		};
		84444D1722D9974F00876F6D /* PlantTracker */ = {
			isa = PBXGroup;
			children = (
				84444D1822D9974F00876F6D /* AppDelegate.swift */,
				84444D1F22D9975100876F6D /* Assets.xcassets */,
				8499646B22EDE5B000BA03BD /* GeneralInformtationTableViewCell.swift */,
				84444D2422D9975100876F6D /* Info.plist */,
				842809BC22F12ACA002BB246 /* icon.jpg */,
				84444D2122D9975100876F6D /* LaunchScreen.storyboard */,
				8431043E22DBC64100AFD4B6 /* LibraryDetailViewController.swift */,
				84444D1C22D9974F00876F6D /* Main.storyboard */,
				846E003722F1BFA3000FAC5C /* ImageCollectionViewController.swift */,
				8431043A22DB8E0100AFD4B6 /* Plant.swift */,
				84444D1A22D9974F00876F6D /* PlantLibraryTableViewController.swift */,
			);
			path = PlantTracker;
			sourceTree = "<group>";
		};
/* End PBXGroup section */

/* Begin PBXNativeTarget section */
		84444D1422D9974F00876F6D /* PlantTracker */ = {
			isa = PBXNativeTarget;
			buildConfigurationList = 84444D2722D9975100876F6D /* Build configuration list for PBXNativeTarget "PlantTracker" */;
			buildPhases = (
				FF1161678B69BD271ACF4243 /* [CP] Check Pods Manifest.lock */,
				84444D1122D9974F00876F6D /* Sources */,
				84444D1222D9974F00876F6D /* Frameworks */,
				84444D1322D9974F00876F6D /* Resources */,
				5AA7E82710A1A3BB536D7D5A /* [CP] Embed Pods Frameworks */,
			);
			buildRules = (
			);
			dependencies = (
			);
			name = PlantTracker;
			productName = PlantTracker;
			productReference = 84444D1522D9974F00876F6D /* PlantTracker.app */;
			productType = "com.apple.product-type.application";
		};
/* End PBXNativeTarget section */

/* Begin PBXProject section */
		84444D0D22D9974F00876F6D /* Project object */ = {
			isa = PBXProject;
			attributes = {
				LastSwiftUpdateCheck = 1020;
				LastUpgradeCheck = 1020;
				ORGANIZATIONNAME = "JHC Dev";
				TargetAttributes = {
					84444D1422D9974F00876F6D = {
						CreatedOnToolsVersion = 10.2.1;
					};
				};
			};
			buildConfigurationList = 84444D1022D9974F00876F6D /* Build configuration list for PBXProject "PlantTracker" */;
			compatibilityVersion = "Xcode 9.3";
			developmentRegion = en;
			hasScannedForEncodings = 0;
			knownRegions = (
				en,
				Base,
			);
			mainGroup = 84444D0C22D9974F00876F6D;
			productRefGroup = 84444D1622D9974F00876F6D /* Products */;
			projectDirPath = "";
			projectRoot = "";
			targets = (
				84444D1422D9974F00876F6D /* PlantTracker */,
			);
		};
/* End PBXProject section */

/* Begin PBXResourcesBuildPhase section */
		84444D1322D9974F00876F6D /* Resources */ = {
			isa = PBXResourcesBuildPhase;
			buildActionMask = 2147483647;
			files = (
				842809BD22F12ACA002BB246 /* icon.jpg in Resources */,
				84444D2322D9975100876F6D /* LaunchScreen.storyboard in Resources */,
				84444D2022D9975100876F6D /* Assets.xcassets in Resources */,
				84444D1E22D9974F00876F6D /* Main.storyboard in Resources */,
			);
			runOnlyForDeploymentPostprocessing = 0;
		};
/* End PBXResourcesBuildPhase section */

/* Begin PBXShellScriptBuildPhase section */
		5AA7E82710A1A3BB536D7D5A /* [CP] Embed Pods Frameworks */ = {
			isa = PBXShellScriptBuildPhase;
			buildActionMask = 2147483647;
			files = (
			);
			inputFileListPaths = (
				"${PODS_ROOT}/Target Support Files/Pods-PlantTracker/Pods-PlantTracker-frameworks-${CONFIGURATION}-input-files.xcfilelist",
			);
			name = "[CP] Embed Pods Frameworks";
			outputFileListPaths = (
				"${PODS_ROOT}/Target Support Files/Pods-PlantTracker/Pods-PlantTracker-frameworks-${CONFIGURATION}-output-files.xcfilelist",
			);
			runOnlyForDeploymentPostprocessing = 0;
			shellPath = /bin/sh;
			shellScript = "\"${PODS_ROOT}/Target Support Files/Pods-PlantTracker/Pods-PlantTracker-frameworks.sh\"\n";
			showEnvVarsInLog = 0;
		};
		FF1161678B69BD271ACF4243 /* [CP] Check Pods Manifest.lock */ = {
			isa = PBXShellScriptBuildPhase;
			buildActionMask = 2147483647;
			files = (
			);
			inputFileListPaths = (
			);
			inputPaths = (
				"${PODS_PODFILE_DIR_PATH}/Podfile.lock",
				"${PODS_ROOT}/Manifest.lock",
			);
			name = "[CP] Check Pods Manifest.lock";
			outputFileListPaths = (
			);
			outputPaths = (
				"$(DERIVED_FILE_DIR)/Pods-PlantTracker-checkManifestLockResult.txt",
			);
			runOnlyForDeploymentPostprocessing = 0;
			shellPath = /bin/sh;
			shellScript = "diff \"${PODS_PODFILE_DIR_PATH}/Podfile.lock\" \"${PODS_ROOT}/Manifest.lock\" > /dev/null\nif [ $? != 0 ] ; then\n    # print error to STDERR\n    echo \"error: The sandbox is not in sync with the Podfile.lock. Run 'pod install' or update your CocoaPods installation.\" >&2\n    exit 1\nfi\n# This output is used by Xcode 'outputs' to avoid re-running this script phase.\necho \"SUCCESS\" > \"${SCRIPT_OUTPUT_FILE_0}\"\n";
			showEnvVarsInLog = 0;
		};
/* End PBXShellScriptBuildPhase section */

/* Begin PBXSourcesBuildPhase section */
		84444D1122D9974F00876F6D /* Sources */ = {
			isa = PBXSourcesBuildPhase;
			buildActionMask = 2147483647;
			files = (
				846E003822F1BFA3000FAC5C /* ImageCollectionViewController.swift in Sources */,
				8499646C22EDE5B100BA03BD /* GeneralInformtationTableViewCell.swift in Sources */,
				84444D1B22D9974F00876F6D /* PlantLibraryTableViewController.swift in Sources */,
				8431043F22DBC64100AFD4B6 /* LibraryDetailViewController.swift in Sources */,
				8431043B22DB8E0100AFD4B6 /* Plant.swift in Sources */,
				84444D1922D9974F00876F6D /* AppDelegate.swift in Sources */,
			);
			runOnlyForDeploymentPostprocessing = 0;
		};
/* End PBXSourcesBuildPhase section */

/* Begin PBXVariantGroup section */
		84444D1C22D9974F00876F6D /* Main.storyboard */ = {
			isa = PBXVariantGroup;
			children = (
				84444D1D22D9974F00876F6D /* Base */,
			);
			name = Main.storyboard;
			sourceTree = "<group>";
		};
		84444D2122D9975100876F6D /* LaunchScreen.storyboard */ = {
			isa = PBXVariantGroup;
			children = (
				84444D2222D9975100876F6D /* Base */,
			);
			name = LaunchScreen.storyboard;
			sourceTree = "<group>";
		};
/* End PBXVariantGroup section */

/* Begin XCBuildConfiguration section */
		84444D2522D9975100876F6D /* Debug */ = {
			isa = XCBuildConfiguration;
			buildSettings = {
				ALWAYS_SEARCH_USER_PATHS = NO;
				CLANG_ANALYZER_NONNULL = YES;
				CLANG_ANALYZER_NUMBER_OBJECT_CONVERSION = YES_AGGRESSIVE;
				CLANG_CXX_LANGUAGE_STANDARD = "gnu++14";
				CLANG_CXX_LIBRARY = "libc++";
				CLANG_ENABLE_MODULES = YES;
				CLANG_ENABLE_OBJC_ARC = YES;
				CLANG_ENABLE_OBJC_WEAK = YES;
				CLANG_WARN_BLOCK_CAPTURE_AUTORELEASING = YES;
				CLANG_WARN_BOOL_CONVERSION = YES;
				CLANG_WARN_COMMA = YES;
				CLANG_WARN_CONSTANT_CONVERSION = YES;
				CLANG_WARN_DEPRECATED_OBJC_IMPLEMENTATIONS = YES;
				CLANG_WARN_DIRECT_OBJC_ISA_USAGE = YES_ERROR;
				CLANG_WARN_DOCUMENTATION_COMMENTS = YES;
				CLANG_WARN_EMPTY_BODY = YES;
				CLANG_WARN_ENUM_CONVERSION = YES;
				CLANG_WARN_INFINITE_RECURSION = YES;
				CLANG_WARN_INT_CONVERSION = YES;
				CLANG_WARN_NON_LITERAL_NULL_CONVERSION = YES;
				CLANG_WARN_OBJC_IMPLICIT_RETAIN_SELF = YES;
				CLANG_WARN_OBJC_LITERAL_CONVERSION = YES;
				CLANG_WARN_OBJC_ROOT_CLASS = YES_ERROR;
				CLANG_WARN_RANGE_LOOP_ANALYSIS = YES;
				CLANG_WARN_STRICT_PROTOTYPES = YES;
				CLANG_WARN_SUSPICIOUS_MOVE = YES;
				CLANG_WARN_UNGUARDED_AVAILABILITY = YES_AGGRESSIVE;
				CLANG_WARN_UNREACHABLE_CODE = YES;
				CLANG_WARN__DUPLICATE_METHOD_MATCH = YES;
				CODE_SIGN_IDENTITY = "iPhone Developer";
				COPY_PHASE_STRIP = NO;
				DEBUG_INFORMATION_FORMAT = dwarf;
				ENABLE_STRICT_OBJC_MSGSEND = YES;
				ENABLE_TESTABILITY = YES;
				GCC_C_LANGUAGE_STANDARD = gnu11;
				GCC_DYNAMIC_NO_PIC = NO;
				GCC_NO_COMMON_BLOCKS = YES;
				GCC_OPTIMIZATION_LEVEL = 0;
				GCC_PREPROCESSOR_DEFINITIONS = (
					"DEBUG=1",
					"$(inherited)",
				);
				GCC_WARN_64_TO_32_BIT_CONVERSION = YES;
				GCC_WARN_ABOUT_RETURN_TYPE = YES_ERROR;
				GCC_WARN_UNDECLARED_SELECTOR = YES;
				GCC_WARN_UNINITIALIZED_AUTOS = YES_AGGRESSIVE;
				GCC_WARN_UNUSED_FUNCTION = YES;
				GCC_WARN_UNUSED_VARIABLE = YES;
				IPHONEOS_DEPLOYMENT_TARGET = 12.2;
				MTL_ENABLE_DEBUG_INFO = INCLUDE_SOURCE;
				MTL_FAST_MATH = YES;
				ONLY_ACTIVE_ARCH = YES;
				SDKROOT = iphoneos;
				SWIFT_ACTIVE_COMPILATION_CONDITIONS = DEBUG;
				SWIFT_OPTIMIZATION_LEVEL = "-Onone";
			};
			name = Debug;
		};
		84444D2622D9975100876F6D /* Release */ = {
			isa = XCBuildConfiguration;
			buildSettings = {
				ALWAYS_SEARCH_USER_PATHS = NO;
				CLANG_ANALYZER_NONNULL = YES;
				CLANG_ANALYZER_NUMBER_OBJECT_CONVERSION = YES_AGGRESSIVE;
				CLANG_CXX_LANGUAGE_STANDARD = "gnu++14";
				CLANG_CXX_LIBRARY = "libc++";
				CLANG_ENABLE_MODULES = YES;
				CLANG_ENABLE_OBJC_ARC = YES;
				CLANG_ENABLE_OBJC_WEAK = YES;
				CLANG_WARN_BLOCK_CAPTURE_AUTORELEASING = YES;
				CLANG_WARN_BOOL_CONVERSION = YES;
				CLANG_WARN_COMMA = YES;
				CLANG_WARN_CONSTANT_CONVERSION = YES;
				CLANG_WARN_DEPRECATED_OBJC_IMPLEMENTATIONS = YES;
				CLANG_WARN_DIRECT_OBJC_ISA_USAGE = YES_ERROR;
				CLANG_WARN_DOCUMENTATION_COMMENTS = YES;
				CLANG_WARN_EMPTY_BODY = YES;
				CLANG_WARN_ENUM_CONVERSION = YES;
				CLANG_WARN_INFINITE_RECURSION = YES;
				CLANG_WARN_INT_CONVERSION = YES;
				CLANG_WARN_NON_LITERAL_NULL_CONVERSION = YES;
				CLANG_WARN_OBJC_IMPLICIT_RETAIN_SELF = YES;
				CLANG_WARN_OBJC_LITERAL_CONVERSION = YES;
				CLANG_WARN_OBJC_ROOT_CLASS = YES_ERROR;
				CLANG_WARN_RANGE_LOOP_ANALYSIS = YES;
				CLANG_WARN_STRICT_PROTOTYPES = YES;
				CLANG_WARN_SUSPICIOUS_MOVE = YES;
				CLANG_WARN_UNGUARDED_AVAILABILITY = YES_AGGRESSIVE;
				CLANG_WARN_UNREACHABLE_CODE = YES;
				CLANG_WARN__DUPLICATE_METHOD_MATCH = YES;
				CODE_SIGN_IDENTITY = "iPhone Developer";
				COPY_PHASE_STRIP = NO;
				DEBUG_INFORMATION_FORMAT = "dwarf-with-dsym";
				ENABLE_NS_ASSERTIONS = NO;
				ENABLE_STRICT_OBJC_MSGSEND = YES;
				GCC_C_LANGUAGE_STANDARD = gnu11;
				GCC_NO_COMMON_BLOCKS = YES;
				GCC_WARN_64_TO_32_BIT_CONVERSION = YES;
				GCC_WARN_ABOUT_RETURN_TYPE = YES_ERROR;
				GCC_WARN_UNDECLARED_SELECTOR = YES;
				GCC_WARN_UNINITIALIZED_AUTOS = YES_AGGRESSIVE;
				GCC_WARN_UNUSED_FUNCTION = YES;
				GCC_WARN_UNUSED_VARIABLE = YES;
				IPHONEOS_DEPLOYMENT_TARGET = 12.2;
				MTL_ENABLE_DEBUG_INFO = NO;
				MTL_FAST_MATH = YES;
				SDKROOT = iphoneos;
				SWIFT_COMPILATION_MODE = wholemodule;
				SWIFT_OPTIMIZATION_LEVEL = "-O";
				VALIDATE_PRODUCT = YES;
			};
			name = Release;
		};
		84444D2822D9975100876F6D /* Debug */ = {
			isa = XCBuildConfiguration;
			baseConfigurationReference = 04F284427149BAFB8ABF4D7C /* Pods-PlantTracker.debug.xcconfig */;
			buildSettings = {
				ASSETCATALOG_COMPILER_APPICON_NAME = AppIcon;
				CODE_SIGN_STYLE = Automatic;
				DEVELOPMENT_TEAM = CRMHYJ9F9F;
				INFOPLIST_FILE = PlantTracker/Info.plist;
				LD_RUNPATH_SEARCH_PATHS = (
					"$(inherited)",
					"@executable_path/Frameworks",
				);
				PRODUCT_BUNDLE_IDENTIFIER = com.joshdoesathing.PlantTracker;
				PRODUCT_NAME = "$(TARGET_NAME)";
				SWIFT_VERSION = 5.0;
				TARGETED_DEVICE_FAMILY = "1,2";
			};
			name = Debug;
		};
		84444D2922D9975100876F6D /* Release */ = {
			isa = XCBuildConfiguration;
			baseConfigurationReference = 39E15E495EEF0063BC2EDBAB /* Pods-PlantTracker.release.xcconfig */;
			buildSettings = {
				ASSETCATALOG_COMPILER_APPICON_NAME = AppIcon;
				CODE_SIGN_STYLE = Automatic;
				DEVELOPMENT_TEAM = CRMHYJ9F9F;
				INFOPLIST_FILE = PlantTracker/Info.plist;
				LD_RUNPATH_SEARCH_PATHS = (
					"$(inherited)",
					"@executable_path/Frameworks",
				);
				PRODUCT_BUNDLE_IDENTIFIER = com.joshdoesathing.PlantTracker;
				PRODUCT_NAME = "$(TARGET_NAME)";
				SWIFT_VERSION = 5.0;
				TARGETED_DEVICE_FAMILY = "1,2";
			};
			name = Release;
		};
/* End XCBuildConfiguration section */

/* Begin XCConfigurationList section */
		84444D1022D9974F00876F6D /* Build configuration list for PBXProject "PlantTracker" */ = {
			isa = XCConfigurationList;
			buildConfigurations = (
				84444D2522D9975100876F6D /* Debug */,
				84444D2622D9975100876F6D /* Release */,
			);
			defaultConfigurationIsVisible = 0;
			defaultConfigurationName = Release;
		};
		84444D2722D9975100876F6D /* Build configuration list for PBXNativeTarget "PlantTracker" */ = {
			isa = XCConfigurationList;
			buildConfigurations = (
				84444D2822D9975100876F6D /* Debug */,
				84444D2922D9975100876F6D /* Release */,
			);
			defaultConfigurationIsVisible = 0;
			defaultConfigurationName = Release;
		};
/* End XCConfigurationList section */
	};
	rootObject = 84444D0D22D9974F00876F6D /* Project object */;
}
